<?xml version="1.0" encoding="UTF-8" standalone="yes" ?>
<CodeBlocks_project_file>
	<FileVersion major="1" minor="6" />
	<Project>
		<Option title="soundManager" />
		<Option pch_mode="2" />
		<Option compiler="gnu_w_lua__sdl" />
		<Build>
			<Target title="Debug">
				<Option output="bin/Debug/soundsystem" prefix_auto="1" extension_auto="1" />
				<Option object_output="obj/Debug/" />
				<Option type="1" />
				<Option compiler="gnu_w_lua__sdl" />
				<Compiler>
					<Add option="-Wextra" />
					<Add option="-Wall" />
					<Add option="-g" />
				</Compiler>
			</Target>
		</Build>
		<Compiler>
			<Add option="-Wextra" />
			<Add option="-Wall" />
			<Add option="`sdl-config --cflags --libs`" />
		</Compiler>
		<Linker>
			<Add option="`sdl-config --cflags --libs`" />
			<Add option="-lSDL_image" />
			<Add option="-lSDL_ttf" />
			<Add option="-lSDL_mixer" />
			<Add option="-llua" />
			<Add library="/usr/local/lib/liblua.a" />
		</Linker>
		<Unit filename="Screen.h" />
		<Unit filename="lauxlib.h" />
		<Unit filename="lua" />
		<Unit filename="lua.h" />
		<Unit filename="lua.hpp" />
		<Unit filename="luac" />
		<Unit filename="luaconf.h" />
		<Unit filename="lualib.h" />
		<Unit filename="simpleSDLfunctions.h" />
		<Unit filename="../include/Actor_Battler.hpp" />
		<Unit filename="../include/Button.hpp" />
		<Unit filename="../include/Callback.hpp" />
		<Unit filename="../include/FileContainer.hpp" />
		<Unit filename="../include/FileHandler.hpp" />
		<Unit filename="../include/Game.hpp" />
		<Unit filename="../include/GameStructure.hpp" />
		<Unit filename="../include/ImageHandler.hpp" />
		<Unit filename="../include/Input.hpp" />
		<Unit filename="../include/Item.hpp" />
		<Unit filename="../include/LuaTable.hpp" />
		<Unit filename="../include/LuaWBind.hpp" />
		<Unit filename="../include/MapEditor.hpp" />
		<Unit filename="../include/MapTile.hpp" />
		<Unit filename="../include/Map_Battle.hpp" />
		<Unit filename="../include/Region.hpp" />
		<Unit filename="../include/Scene.hpp" />
		<Unit filename="../include/SceneControl.hpp" />
		<Unit filename="../include/SceneHeaders.hpp" />
		<Unit filename="../include/Scene_Battle.hpp" />
		<Unit filename="../include/Scene_MapEditor.hpp" />
		<Unit filename="../include/Scene_Region.hpp" />
		<Unit filename="../include/Scene_StartMenu.hpp" />
		<Unit filename="../include/Scene_World.hpp" />
		<Unit filename="../include/ScriptHandler.hpp" />
		<Unit filename="../include/SoundManager.hpp" />
		<Unit filename="../include/Structure.hpp" />
		<Unit filename="../include/Timer.hpp" />
		<Unit filename="../include/Weapon.hpp" />
		<Unit filename="../include/Window.hpp" />
		<Unit filename="../include/Window_StartMenu.hpp" />
		<Unit filename="../include/World.hpp" />
		<Unit filename="../script/Window_menu.lua" />
		<Unit filename="../script/pizza.lua" />
		<Unit filename="../script/pizza2.lua" />
		<Unit filename="../script/pizza3.lua" />
		<Unit filename="../script/pizza4.lua" />
		<Unit filename="../script/rect.lua" />
		<Unit filename="../script/startMenu.lua" />
		<Unit filename="../src/Actor_Battler.cpp" />
		<Unit filename="../src/Button.cpp" />
		<Unit filename="../src/Callback.cpp" />
		<Unit filename="../src/FileContainer.cpp" />
		<Unit filename="../src/FileHandler.cpp" />
		<Unit filename="../src/Game.cpp" />
		<Unit filename="../src/GameStructure.cpp" />
		<Unit filename="../src/ImageHandler.cpp" />
		<Unit filename="../src/Input.cpp" />
		<Unit filename="../src/Item.cpp" />
		<Unit filename="../src/LuaTable.cpp" />
		<Unit filename="../src/MapEditor.cpp" />
		<Unit filename="../src/MapTile.cpp" />
		<Unit filename="../src/Map_Battle.cpp" />
		<Unit filename="../src/Region.cpp" />
		<Unit filename="../src/Scene.cpp" />
		<Unit filename="../src/SceneControl.cpp" />
		<Unit filename="../src/Scene_Battle.cpp" />
		<Unit filename="../src/Scene_MapEditor.cpp" />
		<Unit filename="../src/Scene_Region.cpp" />
		<Unit filename="../src/Scene_StartMenu.cpp" />
		<Unit filename="../src/Scene_World.cpp" />
		<Unit filename="../src/ScriptHandler.cpp" />
		<Unit filename="../src/SoundManager.cpp" />
		<Unit filename="../src/Structure.cpp" />
		<Unit filename="../src/Timer.cpp" />
		<Unit filename="../src/Weapon.cpp" />
		<Unit filename="../src/Window.cpp" />
		<Unit filename="../src/Window_StartMenu.cpp" />
		<Unit filename="../src/World.cpp" />
		<Unit filename="../src/main.cpp" />
		<Unit filename="../src/simpleSDLfunctions.cpp" />
		<Unit filename="../src/soundsystem.cpp" />
		<Extensions>
			<code_completion />
			<debugger />
		</Extensions>
	</Project>
</CodeBlocks_project_file>
